Microsoft Visual Studio Solution File, Format Version 12.00
# Visual Studio 15
VisualStudioVersion = 15.0.26124.0
MinimumVisualStudioVersion = 15.0.26124.0
Project("{2150E333-8FDC-42A3-9474-1A3956D46DE8}") = "src", "src", "{7A0AD98D-68FB-435B-A6C5-4905D43AB476}"
EndProject
Project("{FAE04EC0-301F-11D3-BF4B-00C04F79EFBC}") = "Demo", "src\Demo\Demo.csproj", "{F1A5F10F-F4C9-4190-AD45-6FA6D5210928}"
EndProject
Project("{FAE04EC0-301F-11D3-BF4B-00C04F79EFBC}") = "DemoTest", "src\DemoTest\DemoTest.csproj", "{03EB66F8-8C21-4F01-BED3-FAA36DD044C2}"
EndProject
Global
	GlobalSection(SolutionConfigurationPlatforms) = preSolution
		Debug|Any CPU = Debug|Any CPU
		Debug|x64 = Debug|x64
		Debug|x86 = Debug|x86
		Release|Any CPU = Release|Any CPU
		Release|x64 = Release|x64
		Release|x86 = Release|x86
	EndGlobalSection
	GlobalSection(SolutionProperties) = preSolution
		HideSolutionNode = FALSE
	EndGlobalSection
	GlobalSection(ProjectConfigurationPlatforms) = postSolution
		{F1A5F10F-F4C9-4190-AD45-6FA6D5210928}.Debug|Any CPU.ActiveCfg = Debug|Any CPU
		{F1A5F10F-F4C9-4190-AD45-6FA6D5210928}.Debug|Any CPU.Build.0 = Debug|Any CPU
		{F1A5F10F-F4C9-4190-AD45-6FA6D5210928}.Debug|x64.ActiveCfg = Debug|Any CPU
		{F1A5F10F-F4C9-4190-AD45-6FA6D5210928}.Debug|x64.Build.0 = Debug|Any CPU
		{F1A5F10F-F4C9-4190-AD45-6FA6D5210928}.Debug|x86.ActiveCfg = Debug|Any CPU
		{F1A5F10F-F4C9-4190-AD45-6FA6D5210928}.Debug|x86.Build.0 = Debug|Any CPU
		{F1A5F10F-F4C9-4190-AD45-6FA6D5210928}.Release|Any CPU.ActiveCfg = Release|Any CPU
		{F1A5F10F-F4C9-4190-AD45-6FA6D5210928}.Release|Any CPU.Build.0 = Release|Any CPU
		{F1A5F10F-F4C9-4190-AD45-6FA6D5210928}.Release|x64.ActiveCfg = Release|Any CPU
		{F1A5F10F-F4C9-4190-AD45-6FA6D5210928}.Release|x64.Build.0 = Release|Any CPU
		{F1A5F10F-F4C9-4190-AD45-6FA6D5210928}.Release|x86.ActiveCfg = Release|Any CPU
		{F1A5F10F-F4C9-4190-AD45-6FA6D5210928}.Release|x86.Build.0 = Release|Any CPU
		{03EB66F8-8C21-4F01-BED3-FAA36DD044C2}.Debug|Any CPU.ActiveCfg = Debug|Any CPU
		{03EB66F8-8C21-4F01-BED3-FAA36DD044C2}.Debug|Any CPU.Build.0 = Debug|Any CPU
		{03EB66F8-8C21-4F01-BED3-FAA36DD044C2}.Debug|x64.ActiveCfg = Debug|Any CPU
		{03EB66F8-8C21-4F01-BED3-FAA36DD044C2}.Debug|x64.Build.0 = Debug|Any CPU
		{03EB66F8-8C21-4F01-BED3-FAA36DD044C2}.Debug|x86.ActiveCfg = Debug|Any CPU
		{03EB66F8-8C21-4F01-BED3-FAA36DD044C2}.Debug|x86.Build.0 = Debug|Any CPU
		{03EB66F8-8C21-4F01-BED3-FAA36DD044C2}.Release|Any CPU.ActiveCfg = Release|Any CPU
		{03EB66F8-8C21-4F01-BED3-FAA36DD044C2}.Release|Any CPU.Build.0 = Release|Any CPU
		{03EB66F8-8C21-4F01-BED3-FAA36DD044C2}.Release|x64.ActiveCfg = Release|Any CPU
		{03EB66F8-8C21-4F01-BED3-FAA36DD044C2}.Release|x64.Build.0 = Release|Any CPU
		{03EB66F8-8C21-4F01-BED3-FAA36DD044C2}.Release|x86.ActiveCfg = Release|Any CPU
		{03EB66F8-8C21-4F01-BED3-FAA36DD044C2}.Release|x86.Build.0 = Release|Any CPU
	EndGlobalSection
	GlobalSection(NestedProjects) = preSolution
		{F1A5F10F-F4C9-4190-AD45-6FA6D5210928} = {7A0AD98D-68FB-435B-A6C5-4905D43AB476}
		{03EB66F8-8C21-4F01-BED3-FAA36DD044C2} = {7A0AD98D-68FB-435B-A6C5-4905D43AB476}
	EndGlobalSection
EndGlobal
