Microsoft Visual Studio Solution File, Format Version 12.00
# Visual Studio 15
VisualStudioVersion = 15.0.26124.0
MinimumVisualStudioVersion = 15.0.26124.0
Project("{2150E333-8FDC-42A3-9474-1A3956D46DE8}") = "src", "src", "{C5EF2BD1-73B9-40EB-B286-AFB2E923CE17}"
EndProject
Project("{FAE04EC0-301F-11D3-BF4B-00C04F79EFBC}") = "Demo", "src\Demo\Demo.csproj", "{CC111B9E-397F-43C4-B517-4558F38BE9F3}"
EndProject
Project("{FAE04EC0-301F-11D3-BF4B-00C04F79EFBC}") = "DemoTest", "src\DemoTest\DemoTest.csproj", "{EFD0EF01-CF7E-4EF7-A77E-4C154F5C47FF}"
EndProject
Global
	GlobalSection(SolutionConfigurationPlatforms) = preSolution
		Debug|Any CPU = Debug|Any CPU
		Debug|x64 = Debug|x64
		Debug|x86 = Debug|x86
		Release|Any CPU = Release|Any CPU
		Release|x64 = Release|x64
		Release|x86 = Release|x86
	EndGlobalSection
	GlobalSection(SolutionProperties) = preSolution
		HideSolutionNode = FALSE
	EndGlobalSection
	GlobalSection(ProjectConfigurationPlatforms) = postSolution
		{CC111B9E-397F-43C4-B517-4558F38BE9F3}.Debug|Any CPU.ActiveCfg = Debug|Any CPU
		{CC111B9E-397F-43C4-B517-4558F38BE9F3}.Debug|Any CPU.Build.0 = Debug|Any CPU
		{CC111B9E-397F-43C4-B517-4558F38BE9F3}.Debug|x64.ActiveCfg = Debug|Any CPU
		{CC111B9E-397F-43C4-B517-4558F38BE9F3}.Debug|x64.Build.0 = Debug|Any CPU
		{CC111B9E-397F-43C4-B517-4558F38BE9F3}.Debug|x86.ActiveCfg = Debug|Any CPU
		{CC111B9E-397F-43C4-B517-4558F38BE9F3}.Debug|x86.Build.0 = Debug|Any CPU
		{CC111B9E-397F-43C4-B517-4558F38BE9F3}.Release|Any CPU.ActiveCfg = Release|Any CPU
		{CC111B9E-397F-43C4-B517-4558F38BE9F3}.Release|Any CPU.Build.0 = Release|Any CPU
		{CC111B9E-397F-43C4-B517-4558F38BE9F3}.Release|x64.ActiveCfg = Release|Any CPU
		{CC111B9E-397F-43C4-B517-4558F38BE9F3}.Release|x64.Build.0 = Release|Any CPU
		{CC111B9E-397F-43C4-B517-4558F38BE9F3}.Release|x86.ActiveCfg = Release|Any CPU
		{CC111B9E-397F-43C4-B517-4558F38BE9F3}.Release|x86.Build.0 = Release|Any CPU
		{EFD0EF01-CF7E-4EF7-A77E-4C154F5C47FF}.Debug|Any CPU.ActiveCfg = Debug|Any CPU
		{EFD0EF01-CF7E-4EF7-A77E-4C154F5C47FF}.Debug|Any CPU.Build.0 = Debug|Any CPU
		{EFD0EF01-CF7E-4EF7-A77E-4C154F5C47FF}.Debug|x64.ActiveCfg = Debug|Any CPU
		{EFD0EF01-CF7E-4EF7-A77E-4C154F5C47FF}.Debug|x64.Build.0 = Debug|Any CPU
		{EFD0EF01-CF7E-4EF7-A77E-4C154F5C47FF}.Debug|x86.ActiveCfg = Debug|Any CPU
		{EFD0EF01-CF7E-4EF7-A77E-4C154F5C47FF}.Debug|x86.Build.0 = Debug|Any CPU
		{EFD0EF01-CF7E-4EF7-A77E-4C154F5C47FF}.Release|Any CPU.ActiveCfg = Release|Any CPU
		{EFD0EF01-CF7E-4EF7-A77E-4C154F5C47FF}.Release|Any CPU.Build.0 = Release|Any CPU
		{EFD0EF01-CF7E-4EF7-A77E-4C154F5C47FF}.Release|x64.ActiveCfg = Release|Any CPU
		{EFD0EF01-CF7E-4EF7-A77E-4C154F5C47FF}.Release|x64.Build.0 = Release|Any CPU
		{EFD0EF01-CF7E-4EF7-A77E-4C154F5C47FF}.Release|x86.ActiveCfg = Release|Any CPU
		{EFD0EF01-CF7E-4EF7-A77E-4C154F5C47FF}.Release|x86.Build.0 = Release|Any CPU
	EndGlobalSection
	GlobalSection(NestedProjects) = preSolution
		{CC111B9E-397F-43C4-B517-4558F38BE9F3} = {C5EF2BD1-73B9-40EB-B286-AFB2E923CE17}
		{EFD0EF01-CF7E-4EF7-A77E-4C154F5C47FF} = {C5EF2BD1-73B9-40EB-B286-AFB2E923CE17}
	EndGlobalSection
EndGlobal
