Microsoft Visual Studio Solution File, Format Version 12.00
# Visual Studio 15
VisualStudioVersion = 15.0.26124.0
MinimumVisualStudioVersion = 15.0.26124.0
Project("{2150E333-8FDC-42A3-9474-1A3956D46DE8}") = "src", "src", "{898D3DD3-248A-4087-A0C2-5724FE6FB827}"
EndProject
Project("{FAE04EC0-301F-11D3-BF4B-00C04F79EFBC}") = "Demo", "src\Demo\Demo.csproj", "{FF9DAF42-32B3-4BF3-8D90-7063D1DB76B0}"
EndProject
Project("{FAE04EC0-301F-11D3-BF4B-00C04F79EFBC}") = "DemoTest", "src\DemoTest\DemoTest.csproj", "{6CE8FA96-F387-404D-9F8A-6A6EE35E5048}"
EndProject
Global
	GlobalSection(SolutionConfigurationPlatforms) = preSolution
		Debug|Any CPU = Debug|Any CPU
		Debug|x64 = Debug|x64
		Debug|x86 = Debug|x86
		Release|Any CPU = Release|Any CPU
		Release|x64 = Release|x64
		Release|x86 = Release|x86
	EndGlobalSection
	GlobalSection(SolutionProperties) = preSolution
		HideSolutionNode = FALSE
	EndGlobalSection
	GlobalSection(ProjectConfigurationPlatforms) = postSolution
		{FF9DAF42-32B3-4BF3-8D90-7063D1DB76B0}.Debug|Any CPU.ActiveCfg = Debug|Any CPU
		{FF9DAF42-32B3-4BF3-8D90-7063D1DB76B0}.Debug|Any CPU.Build.0 = Debug|Any CPU
		{FF9DAF42-32B3-4BF3-8D90-7063D1DB76B0}.Debug|x64.ActiveCfg = Debug|Any CPU
		{FF9DAF42-32B3-4BF3-8D90-7063D1DB76B0}.Debug|x64.Build.0 = Debug|Any CPU
		{FF9DAF42-32B3-4BF3-8D90-7063D1DB76B0}.Debug|x86.ActiveCfg = Debug|Any CPU
		{FF9DAF42-32B3-4BF3-8D90-7063D1DB76B0}.Debug|x86.Build.0 = Debug|Any CPU
		{FF9DAF42-32B3-4BF3-8D90-7063D1DB76B0}.Release|Any CPU.ActiveCfg = Release|Any CPU
		{FF9DAF42-32B3-4BF3-8D90-7063D1DB76B0}.Release|Any CPU.Build.0 = Release|Any CPU
		{FF9DAF42-32B3-4BF3-8D90-7063D1DB76B0}.Release|x64.ActiveCfg = Release|Any CPU
		{FF9DAF42-32B3-4BF3-8D90-7063D1DB76B0}.Release|x64.Build.0 = Release|Any CPU
		{FF9DAF42-32B3-4BF3-8D90-7063D1DB76B0}.Release|x86.ActiveCfg = Release|Any CPU
		{FF9DAF42-32B3-4BF3-8D90-7063D1DB76B0}.Release|x86.Build.0 = Release|Any CPU
		{6CE8FA96-F387-404D-9F8A-6A6EE35E5048}.Debug|Any CPU.ActiveCfg = Debug|Any CPU
		{6CE8FA96-F387-404D-9F8A-6A6EE35E5048}.Debug|Any CPU.Build.0 = Debug|Any CPU
		{6CE8FA96-F387-404D-9F8A-6A6EE35E5048}.Debug|x64.ActiveCfg = Debug|Any CPU
		{6CE8FA96-F387-404D-9F8A-6A6EE35E5048}.Debug|x64.Build.0 = Debug|Any CPU
		{6CE8FA96-F387-404D-9F8A-6A6EE35E5048}.Debug|x86.ActiveCfg = Debug|Any CPU
		{6CE8FA96-F387-404D-9F8A-6A6EE35E5048}.Debug|x86.Build.0 = Debug|Any CPU
		{6CE8FA96-F387-404D-9F8A-6A6EE35E5048}.Release|Any CPU.ActiveCfg = Release|Any CPU
		{6CE8FA96-F387-404D-9F8A-6A6EE35E5048}.Release|Any CPU.Build.0 = Release|Any CPU
		{6CE8FA96-F387-404D-9F8A-6A6EE35E5048}.Release|x64.ActiveCfg = Release|Any CPU
		{6CE8FA96-F387-404D-9F8A-6A6EE35E5048}.Release|x64.Build.0 = Release|Any CPU
		{6CE8FA96-F387-404D-9F8A-6A6EE35E5048}.Release|x86.ActiveCfg = Release|Any CPU
		{6CE8FA96-F387-404D-9F8A-6A6EE35E5048}.Release|x86.Build.0 = Release|Any CPU
	EndGlobalSection
	GlobalSection(NestedProjects) = preSolution
		{FF9DAF42-32B3-4BF3-8D90-7063D1DB76B0} = {898D3DD3-248A-4087-A0C2-5724FE6FB827}
		{6CE8FA96-F387-404D-9F8A-6A6EE35E5048} = {898D3DD3-248A-4087-A0C2-5724FE6FB827}
	EndGlobalSection
EndGlobal
